
Microsoft Visual Studio Solution File, Format Version 12.00
# Visual Studio 14
VisualStudioVersion = 14.0.25420.1
MinimumVisualStudioVersion = 10.0.40219.1
Project("{FAE04EC0-301F-11D3-BF4B-00C04F79EFBC}") = "ReplayParser", "ReplayParser\ReplayParser.csproj", "{219FB311-434C-436A-BD59-C3888DEB0F8E}"
EndProject
Project("{FAE04EC0-301F-11D3-BF4B-00C04F79EFBC}") = "ReplayParser.Console", "ReplayParser.Console\ReplayParser.Console.csproj", "{11F79DED-FF92-4CE2-95DC-7A6CAB5DA03C}"
EndProject
Project("{FAE04EC0-301F-11D3-BF4B-00C04F79EFBC}") = "ReplayParser.FeatureExtraction", "ReplayParser.FeatureExtraction\ReplayParser.FeatureExtraction.csproj", "{40113F15-7ECB-4A96-913A-187F7F38C989}"
EndProject
Project("{FAE04EC0-301F-11D3-BF4B-00C04F79EFBC}") = "ReplayParser.Clusterer", "ReplayParser.Clusterer\ReplayParser.Clusterer.csproj", "{F8579F86-42E2-40B4-86E2-E887C3A581FE}"
EndProject
Project("{FAE04EC0-301F-11D3-BF4B-00C04F79EFBC}") = "ReplayParser.ReplaySorter", "ReplayParser.ReplaySorter\ReplayParser.ReplaySorter.csproj", "{833D41A5-2BE7-431D-97A8-6AF51DC9C35C}"
EndProject
Global
	GlobalSection(SolutionConfigurationPlatforms) = preSolution
		Debug|Any CPU = Debug|Any CPU
		Debug|x86 = Debug|x86
		Release|Any CPU = Release|Any CPU
		Release|x86 = Release|x86
	EndGlobalSection
	GlobalSection(ProjectConfigurationPlatforms) = postSolution
		{219FB311-434C-436A-BD59-C3888DEB0F8E}.Debug|Any CPU.ActiveCfg = Debug|Any CPU
		{219FB311-434C-436A-BD59-C3888DEB0F8E}.Debug|Any CPU.Build.0 = Debug|Any CPU
		{219FB311-434C-436A-BD59-C3888DEB0F8E}.Debug|x86.ActiveCfg = Debug|Any CPU
		{219FB311-434C-436A-BD59-C3888DEB0F8E}.Debug|x86.Build.0 = Debug|Any CPU
		{219FB311-434C-436A-BD59-C3888DEB0F8E}.Release|Any CPU.ActiveCfg = Release|x86
		{219FB311-434C-436A-BD59-C3888DEB0F8E}.Release|Any CPU.Build.0 = Release|x86
		{219FB311-434C-436A-BD59-C3888DEB0F8E}.Release|Any CPU.Deploy.0 = Release|x86
		{219FB311-434C-436A-BD59-C3888DEB0F8E}.Release|x86.ActiveCfg = Release|x86
		{219FB311-434C-436A-BD59-C3888DEB0F8E}.Release|x86.Build.0 = Release|x86
		{11F79DED-FF92-4CE2-95DC-7A6CAB5DA03C}.Debug|Any CPU.ActiveCfg = Debug|x86
		{11F79DED-FF92-4CE2-95DC-7A6CAB5DA03C}.Debug|x86.ActiveCfg = Debug|x86
		{11F79DED-FF92-4CE2-95DC-7A6CAB5DA03C}.Release|Any CPU.ActiveCfg = Release|x86
		{11F79DED-FF92-4CE2-95DC-7A6CAB5DA03C}.Release|x86.ActiveCfg = Release|x86
		{11F79DED-FF92-4CE2-95DC-7A6CAB5DA03C}.Release|x86.Build.0 = Release|x86
		{40113F15-7ECB-4A96-913A-187F7F38C989}.Debug|Any CPU.ActiveCfg = Debug|x86
		{40113F15-7ECB-4A96-913A-187F7F38C989}.Debug|x86.ActiveCfg = Debug|x86
		{40113F15-7ECB-4A96-913A-187F7F38C989}.Release|Any CPU.ActiveCfg = Release|x86
		{40113F15-7ECB-4A96-913A-187F7F38C989}.Release|Any CPU.Deploy.0 = Release|x86
		{40113F15-7ECB-4A96-913A-187F7F38C989}.Release|x86.ActiveCfg = Release|x86
		{40113F15-7ECB-4A96-913A-187F7F38C989}.Release|x86.Build.0 = Release|x86
		{F8579F86-42E2-40B4-86E2-E887C3A581FE}.Debug|Any CPU.ActiveCfg = Debug|x86
		{F8579F86-42E2-40B4-86E2-E887C3A581FE}.Debug|x86.ActiveCfg = Debug|x86
		{F8579F86-42E2-40B4-86E2-E887C3A581FE}.Release|Any CPU.ActiveCfg = Release|x86
		{F8579F86-42E2-40B4-86E2-E887C3A581FE}.Release|x86.ActiveCfg = Release|x86
		{F8579F86-42E2-40B4-86E2-E887C3A581FE}.Release|x86.Build.0 = Release|x86
		{833D41A5-2BE7-431D-97A8-6AF51DC9C35C}.Debug|Any CPU.ActiveCfg = Debug|Any CPU
		{833D41A5-2BE7-431D-97A8-6AF51DC9C35C}.Debug|Any CPU.Build.0 = Debug|Any CPU
		{833D41A5-2BE7-431D-97A8-6AF51DC9C35C}.Debug|x86.ActiveCfg = Debug|Any CPU
		{833D41A5-2BE7-431D-97A8-6AF51DC9C35C}.Debug|x86.Build.0 = Debug|Any CPU
		{833D41A5-2BE7-431D-97A8-6AF51DC9C35C}.Release|Any CPU.ActiveCfg = Release|Any CPU
		{833D41A5-2BE7-431D-97A8-6AF51DC9C35C}.Release|Any CPU.Build.0 = Release|Any CPU
		{833D41A5-2BE7-431D-97A8-6AF51DC9C35C}.Release|Any CPU.Deploy.0 = Release|Any CPU
		{833D41A5-2BE7-431D-97A8-6AF51DC9C35C}.Release|x86.ActiveCfg = Release|Any CPU
		{833D41A5-2BE7-431D-97A8-6AF51DC9C35C}.Release|x86.Build.0 = Release|Any CPU
	EndGlobalSection
	GlobalSection(SolutionProperties) = preSolution
		HideSolutionNode = FALSE
	EndGlobalSection
	GlobalSection(TeamFoundationVersionControl) = preSolution
		SccNumberOfProjects = 6
		SccEnterpriseProvider = {4CA58AB2-18FA-4F8D-95D4-32DDF27D184C}
		SccTeamFoundationServer = https://bartbullens.visualstudio.com/
		SccLocalPath0 = .
		SccProjectUniqueName1 = ReplayParser\\ReplayParser.csproj
		SccProjectName1 = ReplayParser
		SccLocalPath1 = ReplayParser
		SccProjectUniqueName2 = ReplayParser.Console\\ReplayParser.Console.csproj
		SccProjectName2 = ReplayParser.Console
		SccLocalPath2 = ReplayParser.Console
		SccProjectUniqueName3 = ReplayParser.FeatureExtraction\\ReplayParser.FeatureExtraction.csproj
		SccProjectName3 = ReplayParser.FeatureExtraction
		SccLocalPath3 = ReplayParser.FeatureExtraction
		SccProjectUniqueName4 = ReplayParser.Clusterer\\ReplayParser.Clusterer.csproj
		SccProjectName4 = ReplayParser.Clusterer
		SccLocalPath4 = ReplayParser.Clusterer
		SccProjectUniqueName5 = ReplayParser.ReplaySorter\\ReplayParser.ReplaySorter.csproj
		SccProjectName5 = ReplayParser.ReplaySorter
		SccLocalPath5 = ReplayParser.ReplaySorter
	EndGlobalSection
EndGlobal
